
Microsoft Visual Studio Solution File, Format Version 12.00
# Visual Studio 14
VisualStudioVersion = 14.0.25420.1
MinimumVisualStudioVersion = 10.0.40219.1
Project("{2150E333-8FDC-42A3-9474-1A3956D46DE8}") = "ASMX", "ASMX", "{5CDB95AF-C0DE-47A2-8AD5-2426528EAE14}"
EndProject
Project("{FAE04EC0-301F-11D3-BF4B-00C04F79EFBC}") = "WebService.ASMX", "WebService.ASMX\WebService.ASMX.csproj", "{40C7C500-91CE-452C-B742-39A4340F7816}"
EndProject
Project("{FAE04EC0-301F-11D3-BF4B-00C04F79EFBC}") = "TestJokeService", "TestJokeService\TestJokeService.csproj", "{FF12D4A5-0A06-4758-BCB8-1FD5B5FAA518}"
	ProjectSection(ProjectDependencies) = postProject
		{40C7C500-91CE-452C-B742-39A4340F7816} = {40C7C500-91CE-452C-B742-39A4340F7816}
	EndProjectSection
EndProject
Project("{2150E333-8FDC-42A3-9474-1A3956D46DE8}") = "WCF", "WCF", "{98F23B04-51DE-4425-9AB3-C349F577177D}"
EndProject
Project("{FAE04EC0-301F-11D3-BF4B-00C04F79EFBC}") = "WebService.WCF", "WebService.WCF\WebService.WCF.csproj", "{6C843E36-9D7A-4783-9D5D-0670C9556C3B}"
EndProject
Project("{FAE04EC0-301F-11D3-BF4B-00C04F79EFBC}") = "JokeWcfData", "JokeWcfData\JokeWcfData.csproj", "{1DC7741C-8A69-4AEE-BA6E-17169B4FEE58}"
EndProject
Project("{FAE04EC0-301F-11D3-BF4B-00C04F79EFBC}") = "JokeWcfClient", "JokeWcfClient\JokeWcfClient.csproj", "{79750213-38F6-48E0-A90A-34ACC7D5F399}"
	ProjectSection(ProjectDependencies) = postProject
		{6C843E36-9D7A-4783-9D5D-0670C9556C3B} = {6C843E36-9D7A-4783-9D5D-0670C9556C3B}
	EndProjectSection
EndProject
Project("{2150E333-8FDC-42A3-9474-1A3956D46DE8}") = "WCF.REST", "WCF.REST", "{7D178496-B94F-482D-990A-34172E58590A}"
EndProject
Project("{FAE04EC0-301F-11D3-BF4B-00C04F79EFBC}") = "JokeRestData", "JokeRestData\JokeRestData.csproj", "{8553E79D-8FAA-4A59-82FF-B3E07C88EF12}"
EndProject
Project("{FAE04EC0-301F-11D3-BF4B-00C04F79EFBC}") = "WebService.REST", "WebService.REST\WebService.REST.csproj", "{A3DEFCF5-8CF9-4992-9E9B-876EBC430812}"
EndProject
Project("{FAE04EC0-301F-11D3-BF4B-00C04F79EFBC}") = "JokeRestClient", "JokeRestClient\JokeRestClient.csproj", "{F4CDE26A-D75A-4ABB-9DA9-54E268449A36}"
EndProject
Project("{2150E333-8FDC-42A3-9474-1A3956D46DE8}") = "Web.API", "Web.API", "{419FFC28-BCDD-4029-B91B-4D45B2A38063}"
EndProject
Project("{FAE04EC0-301F-11D3-BF4B-00C04F79EFBC}") = "JokeApiData", "JokeApiData\JokeApiData.csproj", "{2FCC2AFF-7EA1-47B9-A36B-433E67FBC98B}"
EndProject
Project("{FAE04EC0-301F-11D3-BF4B-00C04F79EFBC}") = "WebService.WebApi", "WebService.WebApi\WebService.WebApi.csproj", "{C1CD9966-619E-4E42-A4F9-F453BA46B2F7}"
EndProject
Project("{FAE04EC0-301F-11D3-BF4B-00C04F79EFBC}") = "JokeApiClient", "JokeApiClient\JokeApiClient.csproj", "{5CE599C7-733E-4E61-88AA-60F7E033A807}"
EndProject
Project("{FAE04EC0-301F-11D3-BF4B-00C04F79EFBC}") = "JokeData", "JokeData\JokeData.csproj", "{1FAF262B-4063-48E6-9194-FF2BB7888D15}"
EndProject
Project("{2150E333-8FDC-42A3-9474-1A3956D46DE8}") = "WCF.Ajax", "WCF.Ajax", "{C4CA371F-6423-4F71-9B84-73D3F48869DB}"
EndProject
Project("{FAE04EC0-301F-11D3-BF4B-00C04F79EFBC}") = "WebService.Ajax", "WebService.Ajax\WebService.Ajax.csproj", "{49E9402B-E1FC-4806-A701-A8489DB3BCBD}"
EndProject
Project("{FAE04EC0-301F-11D3-BF4B-00C04F79EFBC}") = "JokeAjaxData", "JokeAjaxData\JokeAjaxData.csproj", "{94B7A120-58B9-4F05-80CD-CCC45397BDC7}"
EndProject
Project("{2150E333-8FDC-42A3-9474-1A3956D46DE8}") = "WCF.OData", "WCF.OData", "{9E2BF1B7-4AC8-4A75-8291-CA5A4270B4EE}"
EndProject
Project("{FAE04EC0-301F-11D3-BF4B-00C04F79EFBC}") = "WebService.DataService", "WebService.DataService\WebService.DataService.csproj", "{2923000E-5AA8-45F7-971A-E448F2C438D4}"
EndProject
Project("{FAE04EC0-301F-11D3-BF4B-00C04F79EFBC}") = "WebService.OData", "WebService.OData\WebService.OData.csproj", "{E49EC63E-B92D-430E-9C33-10D714580E68}"
EndProject
Project("{FAE04EC0-301F-11D3-BF4B-00C04F79EFBC}") = "JokeODataData", "JokeODataData\JokeODataData.csproj", "{32BA8BAF-D8BD-4DA3-95C4-C9CEAEA35D43}"
EndProject
Global
	GlobalSection(SolutionConfigurationPlatforms) = preSolution
		Debug|Any CPU = Debug|Any CPU
		Release|Any CPU = Release|Any CPU
	EndGlobalSection
	GlobalSection(ProjectConfigurationPlatforms) = postSolution
		{40C7C500-91CE-452C-B742-39A4340F7816}.Debug|Any CPU.ActiveCfg = Debug|Any CPU
		{40C7C500-91CE-452C-B742-39A4340F7816}.Debug|Any CPU.Build.0 = Debug|Any CPU
		{40C7C500-91CE-452C-B742-39A4340F7816}.Release|Any CPU.ActiveCfg = Release|Any CPU
		{40C7C500-91CE-452C-B742-39A4340F7816}.Release|Any CPU.Build.0 = Release|Any CPU
		{FF12D4A5-0A06-4758-BCB8-1FD5B5FAA518}.Debug|Any CPU.ActiveCfg = Debug|Any CPU
		{FF12D4A5-0A06-4758-BCB8-1FD5B5FAA518}.Debug|Any CPU.Build.0 = Debug|Any CPU
		{FF12D4A5-0A06-4758-BCB8-1FD5B5FAA518}.Release|Any CPU.ActiveCfg = Release|Any CPU
		{FF12D4A5-0A06-4758-BCB8-1FD5B5FAA518}.Release|Any CPU.Build.0 = Release|Any CPU
		{6C843E36-9D7A-4783-9D5D-0670C9556C3B}.Debug|Any CPU.ActiveCfg = Debug|Any CPU
		{6C843E36-9D7A-4783-9D5D-0670C9556C3B}.Debug|Any CPU.Build.0 = Debug|Any CPU
		{6C843E36-9D7A-4783-9D5D-0670C9556C3B}.Release|Any CPU.ActiveCfg = Release|Any CPU
		{6C843E36-9D7A-4783-9D5D-0670C9556C3B}.Release|Any CPU.Build.0 = Release|Any CPU
		{1DC7741C-8A69-4AEE-BA6E-17169B4FEE58}.Debug|Any CPU.ActiveCfg = Debug|Any CPU
		{1DC7741C-8A69-4AEE-BA6E-17169B4FEE58}.Debug|Any CPU.Build.0 = Debug|Any CPU
		{1DC7741C-8A69-4AEE-BA6E-17169B4FEE58}.Release|Any CPU.ActiveCfg = Release|Any CPU
		{1DC7741C-8A69-4AEE-BA6E-17169B4FEE58}.Release|Any CPU.Build.0 = Release|Any CPU
		{79750213-38F6-48E0-A90A-34ACC7D5F399}.Debug|Any CPU.ActiveCfg = Debug|Any CPU
		{79750213-38F6-48E0-A90A-34ACC7D5F399}.Debug|Any CPU.Build.0 = Debug|Any CPU
		{79750213-38F6-48E0-A90A-34ACC7D5F399}.Release|Any CPU.ActiveCfg = Release|Any CPU
		{79750213-38F6-48E0-A90A-34ACC7D5F399}.Release|Any CPU.Build.0 = Release|Any CPU
		{8553E79D-8FAA-4A59-82FF-B3E07C88EF12}.Debug|Any CPU.ActiveCfg = Debug|Any CPU
		{8553E79D-8FAA-4A59-82FF-B3E07C88EF12}.Debug|Any CPU.Build.0 = Debug|Any CPU
		{8553E79D-8FAA-4A59-82FF-B3E07C88EF12}.Release|Any CPU.ActiveCfg = Release|Any CPU
		{8553E79D-8FAA-4A59-82FF-B3E07C88EF12}.Release|Any CPU.Build.0 = Release|Any CPU
		{A3DEFCF5-8CF9-4992-9E9B-876EBC430812}.Debug|Any CPU.ActiveCfg = Debug|Any CPU
		{A3DEFCF5-8CF9-4992-9E9B-876EBC430812}.Debug|Any CPU.Build.0 = Debug|Any CPU
		{A3DEFCF5-8CF9-4992-9E9B-876EBC430812}.Release|Any CPU.ActiveCfg = Release|Any CPU
		{A3DEFCF5-8CF9-4992-9E9B-876EBC430812}.Release|Any CPU.Build.0 = Release|Any CPU
		{F4CDE26A-D75A-4ABB-9DA9-54E268449A36}.Debug|Any CPU.ActiveCfg = Debug|Any CPU
		{F4CDE26A-D75A-4ABB-9DA9-54E268449A36}.Debug|Any CPU.Build.0 = Debug|Any CPU
		{F4CDE26A-D75A-4ABB-9DA9-54E268449A36}.Release|Any CPU.ActiveCfg = Release|Any CPU
		{F4CDE26A-D75A-4ABB-9DA9-54E268449A36}.Release|Any CPU.Build.0 = Release|Any CPU
		{2FCC2AFF-7EA1-47B9-A36B-433E67FBC98B}.Debug|Any CPU.ActiveCfg = Debug|Any CPU
		{2FCC2AFF-7EA1-47B9-A36B-433E67FBC98B}.Debug|Any CPU.Build.0 = Debug|Any CPU
		{2FCC2AFF-7EA1-47B9-A36B-433E67FBC98B}.Release|Any CPU.ActiveCfg = Release|Any CPU
		{2FCC2AFF-7EA1-47B9-A36B-433E67FBC98B}.Release|Any CPU.Build.0 = Release|Any CPU
		{C1CD9966-619E-4E42-A4F9-F453BA46B2F7}.Debug|Any CPU.ActiveCfg = Debug|Any CPU
		{C1CD9966-619E-4E42-A4F9-F453BA46B2F7}.Debug|Any CPU.Build.0 = Debug|Any CPU
		{C1CD9966-619E-4E42-A4F9-F453BA46B2F7}.Release|Any CPU.ActiveCfg = Release|Any CPU
		{C1CD9966-619E-4E42-A4F9-F453BA46B2F7}.Release|Any CPU.Build.0 = Release|Any CPU
		{5CE599C7-733E-4E61-88AA-60F7E033A807}.Debug|Any CPU.ActiveCfg = Debug|Any CPU
		{5CE599C7-733E-4E61-88AA-60F7E033A807}.Debug|Any CPU.Build.0 = Debug|Any CPU
		{5CE599C7-733E-4E61-88AA-60F7E033A807}.Release|Any CPU.ActiveCfg = Release|Any CPU
		{5CE599C7-733E-4E61-88AA-60F7E033A807}.Release|Any CPU.Build.0 = Release|Any CPU
		{1FAF262B-4063-48E6-9194-FF2BB7888D15}.Debug|Any CPU.ActiveCfg = Debug|Any CPU
		{1FAF262B-4063-48E6-9194-FF2BB7888D15}.Debug|Any CPU.Build.0 = Debug|Any CPU
		{1FAF262B-4063-48E6-9194-FF2BB7888D15}.Release|Any CPU.ActiveCfg = Release|Any CPU
		{1FAF262B-4063-48E6-9194-FF2BB7888D15}.Release|Any CPU.Build.0 = Release|Any CPU
		{49E9402B-E1FC-4806-A701-A8489DB3BCBD}.Debug|Any CPU.ActiveCfg = Debug|Any CPU
		{49E9402B-E1FC-4806-A701-A8489DB3BCBD}.Debug|Any CPU.Build.0 = Debug|Any CPU
		{49E9402B-E1FC-4806-A701-A8489DB3BCBD}.Release|Any CPU.ActiveCfg = Release|Any CPU
		{49E9402B-E1FC-4806-A701-A8489DB3BCBD}.Release|Any CPU.Build.0 = Release|Any CPU
		{94B7A120-58B9-4F05-80CD-CCC45397BDC7}.Debug|Any CPU.ActiveCfg = Debug|Any CPU
		{94B7A120-58B9-4F05-80CD-CCC45397BDC7}.Debug|Any CPU.Build.0 = Debug|Any CPU
		{94B7A120-58B9-4F05-80CD-CCC45397BDC7}.Release|Any CPU.ActiveCfg = Release|Any CPU
		{94B7A120-58B9-4F05-80CD-CCC45397BDC7}.Release|Any CPU.Build.0 = Release|Any CPU
		{2923000E-5AA8-45F7-971A-E448F2C438D4}.Debug|Any CPU.ActiveCfg = Debug|Any CPU
		{2923000E-5AA8-45F7-971A-E448F2C438D4}.Debug|Any CPU.Build.0 = Debug|Any CPU
		{2923000E-5AA8-45F7-971A-E448F2C438D4}.Release|Any CPU.ActiveCfg = Release|Any CPU
		{2923000E-5AA8-45F7-971A-E448F2C438D4}.Release|Any CPU.Build.0 = Release|Any CPU
		{E49EC63E-B92D-430E-9C33-10D714580E68}.Debug|Any CPU.ActiveCfg = Debug|Any CPU
		{E49EC63E-B92D-430E-9C33-10D714580E68}.Debug|Any CPU.Build.0 = Debug|Any CPU
		{E49EC63E-B92D-430E-9C33-10D714580E68}.Release|Any CPU.ActiveCfg = Release|Any CPU
		{E49EC63E-B92D-430E-9C33-10D714580E68}.Release|Any CPU.Build.0 = Release|Any CPU
		{32BA8BAF-D8BD-4DA3-95C4-C9CEAEA35D43}.Debug|Any CPU.ActiveCfg = Debug|Any CPU
		{32BA8BAF-D8BD-4DA3-95C4-C9CEAEA35D43}.Debug|Any CPU.Build.0 = Debug|Any CPU
		{32BA8BAF-D8BD-4DA3-95C4-C9CEAEA35D43}.Release|Any CPU.ActiveCfg = Release|Any CPU
		{32BA8BAF-D8BD-4DA3-95C4-C9CEAEA35D43}.Release|Any CPU.Build.0 = Release|Any CPU
	EndGlobalSection
	GlobalSection(SolutionProperties) = preSolution
		HideSolutionNode = FALSE
	EndGlobalSection
	GlobalSection(NestedProjects) = preSolution
		{40C7C500-91CE-452C-B742-39A4340F7816} = {5CDB95AF-C0DE-47A2-8AD5-2426528EAE14}
		{FF12D4A5-0A06-4758-BCB8-1FD5B5FAA518} = {5CDB95AF-C0DE-47A2-8AD5-2426528EAE14}
		{6C843E36-9D7A-4783-9D5D-0670C9556C3B} = {98F23B04-51DE-4425-9AB3-C349F577177D}
		{1DC7741C-8A69-4AEE-BA6E-17169B4FEE58} = {98F23B04-51DE-4425-9AB3-C349F577177D}
		{79750213-38F6-48E0-A90A-34ACC7D5F399} = {98F23B04-51DE-4425-9AB3-C349F577177D}
		{8553E79D-8FAA-4A59-82FF-B3E07C88EF12} = {7D178496-B94F-482D-990A-34172E58590A}
		{A3DEFCF5-8CF9-4992-9E9B-876EBC430812} = {7D178496-B94F-482D-990A-34172E58590A}
		{F4CDE26A-D75A-4ABB-9DA9-54E268449A36} = {7D178496-B94F-482D-990A-34172E58590A}
		{2FCC2AFF-7EA1-47B9-A36B-433E67FBC98B} = {419FFC28-BCDD-4029-B91B-4D45B2A38063}
		{C1CD9966-619E-4E42-A4F9-F453BA46B2F7} = {419FFC28-BCDD-4029-B91B-4D45B2A38063}
		{5CE599C7-733E-4E61-88AA-60F7E033A807} = {419FFC28-BCDD-4029-B91B-4D45B2A38063}
		{1FAF262B-4063-48E6-9194-FF2BB7888D15} = {5CDB95AF-C0DE-47A2-8AD5-2426528EAE14}
		{49E9402B-E1FC-4806-A701-A8489DB3BCBD} = {C4CA371F-6423-4F71-9B84-73D3F48869DB}
		{94B7A120-58B9-4F05-80CD-CCC45397BDC7} = {C4CA371F-6423-4F71-9B84-73D3F48869DB}
		{2923000E-5AA8-45F7-971A-E448F2C438D4} = {9E2BF1B7-4AC8-4A75-8291-CA5A4270B4EE}
		{E49EC63E-B92D-430E-9C33-10D714580E68} = {9E2BF1B7-4AC8-4A75-8291-CA5A4270B4EE}
		{32BA8BAF-D8BD-4DA3-95C4-C9CEAEA35D43} = {9E2BF1B7-4AC8-4A75-8291-CA5A4270B4EE}
	EndGlobalSection
EndGlobal
